
Microsoft Visual Studio Solution File, Format Version 12.00
# Visual Studio Version 16
VisualStudioVersion = 16.0.31515.178
MinimumVisualStudioVersion = 10.0.40219.1
Project("{FAE04EC0-301F-11D3-BF4B-00C04F79EFBC}") = "OopWpf", "OopWpf\OopWpf.csproj", "{3C51EF8F-2986-4085-84B6-567F46A05014}"
EndProject
Project("{FAE04EC0-301F-11D3-BF4B-00C04F79EFBC}") = "OopWpfServer", "OopWpfServer\OopWpfServer.csproj", "{F99F9174-0672-4178-BA46-8B6C18A420D7}"
EndProject
Project("{FAE04EC0-301F-11D3-BF4B-00C04F79EFBC}") = "OopWpfCommon", "OopWpfCommon\OopWpfCommon.csproj", "{8A2080D6-53A7-4B6D-97D3-E635F35577F1}"
EndProject
Global
	GlobalSection(SolutionConfigurationPlatforms) = preSolution
		Debug|Any CPU = Debug|Any CPU
		Release|Any CPU = Release|Any CPU
	EndGlobalSection
	GlobalSection(ProjectConfigurationPlatforms) = postSolution
		{3C51EF8F-2986-4085-84B6-567F46A05014}.Debug|Any CPU.ActiveCfg = Debug|Any CPU
		{3C51EF8F-2986-4085-84B6-567F46A05014}.Debug|Any CPU.Build.0 = Debug|Any CPU
		{3C51EF8F-2986-4085-84B6-567F46A05014}.Release|Any CPU.ActiveCfg = Release|Any CPU
		{3C51EF8F-2986-4085-84B6-567F46A05014}.Release|Any CPU.Build.0 = Release|Any CPU
		{F99F9174-0672-4178-BA46-8B6C18A420D7}.Debug|Any CPU.ActiveCfg = Debug|Any CPU
		{F99F9174-0672-4178-BA46-8B6C18A420D7}.Debug|Any CPU.Build.0 = Debug|Any CPU
		{F99F9174-0672-4178-BA46-8B6C18A420D7}.Release|Any CPU.ActiveCfg = Release|Any CPU
		{F99F9174-0672-4178-BA46-8B6C18A420D7}.Release|Any CPU.Build.0 = Release|Any CPU
		{8A2080D6-53A7-4B6D-97D3-E635F35577F1}.Debug|Any CPU.ActiveCfg = Debug|Any CPU
		{8A2080D6-53A7-4B6D-97D3-E635F35577F1}.Debug|Any CPU.Build.0 = Debug|Any CPU
		{8A2080D6-53A7-4B6D-97D3-E635F35577F1}.Release|Any CPU.ActiveCfg = Release|Any CPU
		{8A2080D6-53A7-4B6D-97D3-E635F35577F1}.Release|Any CPU.Build.0 = Release|Any CPU
	EndGlobalSection
	GlobalSection(SolutionProperties) = preSolution
		HideSolutionNode = FALSE
	EndGlobalSection
	GlobalSection(ExtensibilityGlobals) = postSolution
		SolutionGuid = {545ED6E0-052C-47C2-AA5C-4950D7992693}
	EndGlobalSection
EndGlobal
